
Microsoft Visual Studio Solution File, Format Version 12.00
# Visual Studio Version 17
VisualStudioVersion = 17.9.34616.47
MinimumVisualStudioVersion = 10.0.40219.1
Project("{9A19103F-16F7-4668-BE54-9A1E7A4F7556}") = "ProjektAdrianZachwiej56233", "ProjektAdrianZachwiej56233.csproj", "{7624618B-6671-4EE6-A40A-C25156170E9A}"
EndProject
Global
	GlobalSection(SolutionConfigurationPlatforms) = preSolution
		Debug|Any CPU = Debug|Any CPU
		Release|Any CPU = Release|Any CPU
	EndGlobalSection
	GlobalSection(ProjectConfigurationPlatforms) = postSolution
		{7624618B-6671-4EE6-A40A-C25156170E9A}.Debug|Any CPU.ActiveCfg = Debug|Any CPU
		{7624618B-6671-4EE6-A40A-C25156170E9A}.Debug|Any CPU.Build.0 = Debug|Any CPU
		{7624618B-6671-4EE6-A40A-C25156170E9A}.Release|Any CPU.ActiveCfg = Release|Any CPU
		{7624618B-6671-4EE6-A40A-C25156170E9A}.Release|Any CPU.Build.0 = Release|Any CPU
	EndGlobalSection
	GlobalSection(SolutionProperties) = preSolution
		HideSolutionNode = FALSE
	EndGlobalSection
	GlobalSection(ExtensibilityGlobals) = postSolution
		SolutionGuid = {B0083138-FFC0-49A8-924A-008413E003D2}
	EndGlobalSection
EndGlobal
